
Microsoft Visual Studio Solution File, Format Version 12.00
# Visual Studio Version 17
VisualStudioVersion = 17.14.36429.23
MinimumVisualStudioVersion = 10.0.40219.1
Project("{2150E333-8FDC-42A3-9474-1A3956D46DE8}") = "Task0", "Task0", "{02EA681E-C7D8-13C7-8484-4AC65E1B71E8}"
EndProject
Project("{FAE04EC0-301F-11D3-BF4B-00C04F79EFBC}") = "Tyuiu.VitovskayaAN.Sprint4.Task0.V3", "Tyuiu.VitovskayaAN.Sprint4.Task0.V3\Tyuiu.VitovskayaAN.Sprint4.Task0.V3.csproj", "{DC1ED725-7956-448C-9511-D54B76266A8D}"
EndProject
Project("{FAE04EC0-301F-11D3-BF4B-00C04F79EFBC}") = "Tyuiu.VitovskayaAN.Sprint4.Task0.V3.Lib", "Tyuiu.VitovskayaAN.Sprint4.Task0.V3.Lib\Tyuiu.VitovskayaAN.Sprint4.Task0.V3.Lib.csproj", "{F8357707-4D15-4817-8B82-CE3F399FB0AE}"
EndProject
Project("{FAE04EC0-301F-11D3-BF4B-00C04F79EFBC}") = "Tyuiu.VitovskayaAN.Sprint4.Task0.V3.Test", "Tyuiu.VitovskayaAN.Sprint4.Task0.V3.Test\Tyuiu.VitovskayaAN.Sprint4.Task0.V3.Test.csproj", "{E20CC86D-0581-4444-8E02-ACD72E7A09AA}"
EndProject
Project("{2150E333-8FDC-42A3-9474-1A3956D46DE8}") = "Task1", "Task1", "{ED51584D-F507-4367-AE50-EDDBEA8D0826}"
EndProject
Project("{FAE04EC0-301F-11D3-BF4B-00C04F79EFBC}") = "Tyuiu.VitovskayaAN.Sprint4.Task1.V23", "Tyuiu.VitovskayaAN.Sprint4.Task1.V23\Tyuiu.VitovskayaAN.Sprint4.Task1.V23.csproj", "{7C1A1B3C-41E4-4586-BE52-4817AD0D11F2}"
EndProject
Project("{FAE04EC0-301F-11D3-BF4B-00C04F79EFBC}") = "Tyuiu.VitovskayaAN.Sprint4.Task1.V23.Lib", "Tyuiu.VitovskayaAN.Sprint4.Task1.V23.Lib\Tyuiu.VitovskayaAN.Sprint4.Task1.V23.Lib.csproj", "{8D4E952D-6DA2-4662-AD65-E9E0FB43E5CF}"
EndProject
Project("{FAE04EC0-301F-11D3-BF4B-00C04F79EFBC}") = "Tyuiu.VitovskayaAN.Sprint4.Task1.V23.Test", "Tyuiu.VitovskayaAN.Sprint4.Task1.V23.Test\Tyuiu.VitovskayaAN.Sprint4.Task1.V23.Test.csproj", "{2A842F2E-FB81-4CB2-A113-EA78F6791A1C}"
EndProject
Project("{2150E333-8FDC-42A3-9474-1A3956D46DE8}") = "Task2", "Task2", "{76146438-1D39-4655-BE81-68D7CF71CB08}"
EndProject
Project("{FAE04EC0-301F-11D3-BF4B-00C04F79EFBC}") = "Tyuiu.VitovskayaAN.Sprint4.Task2.V12", "Tyuiu.VitovskayaAN.Sprint4.Task2.V12\Tyuiu.VitovskayaAN.Sprint4.Task2.V12.csproj", "{49A162E1-20BD-4467-8F46-72CBB059F208}"
EndProject
Project("{FAE04EC0-301F-11D3-BF4B-00C04F79EFBC}") = "Tyuiu.VitovskayaAN.Sprint4.Task2.V12.Lib", "Tyuiu.VitovskayaAN.Sprint4.Task2.V12.Lib\Tyuiu.VitovskayaAN.Sprint4.Task2.V12.Lib.csproj", "{F69CC6DA-1240-4FDA-8AAF-DABE931EB218}"
EndProject
Project("{FAE04EC0-301F-11D3-BF4B-00C04F79EFBC}") = "Tyuiu.VitovskayaAN.Sprint4.Task2.V12.Test", "Tyuiu.VitovskayaAN.Sprint4.Task2.V12.Test\Tyuiu.VitovskayaAN.Sprint4.Task2.V12.Test.csproj", "{3885E147-42B8-4DEE-A747-94661FD6C698}"
EndProject
Project("{2150E333-8FDC-42A3-9474-1A3956D46DE8}") = "Task3", "Task3", "{FA0865F2-F886-4474-91FB-F49D8E622490}"
EndProject
Project("{FAE04EC0-301F-11D3-BF4B-00C04F79EFBC}") = "Tyuiu.VitovskayaAN.Sprint4.Task3.V23", "Tyuiu.VitovskayaAN.Sprint4.Task3.V23\Tyuiu.VitovskayaAN.Sprint4.Task3.V23.csproj", "{C86F73E4-22C5-465A-BBB4-6E8FCF01A0B8}"
EndProject
Project("{FAE04EC0-301F-11D3-BF4B-00C04F79EFBC}") = "Tyuiu.VitovskayaAN.Sprint4.Task3.V23.Lib", "Tyuiu.VitovskayaAN.Sprint4.Task3.V23.Lib\Tyuiu.VitovskayaAN.Sprint4.Task3.V23.Lib.csproj", "{8BB1C044-F114-4D67-AB2B-23423FDAAF5A}"
EndProject
Project("{FAE04EC0-301F-11D3-BF4B-00C04F79EFBC}") = "Tyuiu.VitovskayaAN.Sprint4.Task3.V23.Test", "Tyuiu.VitovskayaAN.Sprint4.Task3.V23.Test\Tyuiu.VitovskayaAN.Sprint4.Task3.V23.Test.csproj", "{8A652296-8CF1-4A2D-8220-F0F94B0FBF79}"
EndProject
Project("{2150E333-8FDC-42A3-9474-1A3956D46DE8}") = "Task4", "Task4", "{8A07CB26-E8FA-493F-8B7B-7E708E21DCA8}"
EndProject
Project("{FAE04EC0-301F-11D3-BF4B-00C04F79EFBC}") = "Tyuiu.VitovskayaAN.Sprint4.Task4.V10", "Tyuiu.VitovskayaAN.Sprint4.Task4.V10\Tyuiu.VitovskayaAN.Sprint4.Task4.V10.csproj", "{664E284D-E118-4070-9585-C83755A560F6}"
EndProject
Project("{FAE04EC0-301F-11D3-BF4B-00C04F79EFBC}") = "Tyuiu.VitovskayaAN.Sprint4.Task4.V10.Lib", "Tyuiu.VitovskayaAN.Sprint4.Task4.V10.Lib\Tyuiu.VitovskayaAN.Sprint4.Task4.V10.Lib.csproj", "{502E477C-2A98-4D37-9AC2-8B53DA0FD31B}"
EndProject
Project("{FAE04EC0-301F-11D3-BF4B-00C04F79EFBC}") = "Tyuiu.VitovskayaAN.Sprint4.Task4.V10.Test", "Tyuiu.VitovskayaAN.Sprint4.Task4.V10.Test\Tyuiu.VitovskayaAN.Sprint4.Task4.V10.Test.csproj", "{6BF9C1CD-2908-4967-89B9-46206A112014}"
EndProject
Project("{2150E333-8FDC-42A3-9474-1A3956D46DE8}") = "Task5", "Task5", "{5AD28B27-9624-48A1-9B8C-44B72792D230}"
EndProject
Project("{FAE04EC0-301F-11D3-BF4B-00C04F79EFBC}") = "Tyuiu.VitovskayaAN.Sprint4.Task5.V30", "Tyuiu.VitovskayaAN.Sprint4.Task5.V30\Tyuiu.VitovskayaAN.Sprint4.Task5.V30.csproj", "{DF6818F9-1FEC-4C8D-933B-49F0A29A8DFC}"
EndProject
Project("{FAE04EC0-301F-11D3-BF4B-00C04F79EFBC}") = "Tyuiu.VitovskayaAN.Sprint4.Task5.V30.Lib", "Tyuiu.VitovskayaAN.Sprint4.Task5.V30.Lib\Tyuiu.VitovskayaAN.Sprint4.Task5.V30.Lib.csproj", "{67B2444C-0864-4DB9-A79D-469E794B6B4C}"
EndProject
Project("{FAE04EC0-301F-11D3-BF4B-00C04F79EFBC}") = "Tyuiu.VitovskayaAN.Sprint4.Task5.V30.Test", "Tyuiu.VitovskayaAN.Sprint4.Task5.V30.Test\Tyuiu.VitovskayaAN.Sprint4.Task5.V30.Test.csproj", "{90645DB8-F838-4FB4-8E3F-A3CDF00EB3C9}"
EndProject
Project("{2150E333-8FDC-42A3-9474-1A3956D46DE8}") = "Task6", "Task6", "{94B906FB-8F0A-471A-8D7A-BFDF96617D81}"
EndProject
Project("{FAE04EC0-301F-11D3-BF4B-00C04F79EFBC}") = "Tyuiu.VitovskayaAN.Sprint4.Task6.V17", "Tyuiu.VitovskayaAN.Sprint4.Task6.V17\Tyuiu.VitovskayaAN.Sprint4.Task6.V17.csproj", "{96411FD6-654C-4FC4-A73B-22A8A4A4E32E}"
EndProject
Project("{FAE04EC0-301F-11D3-BF4B-00C04F79EFBC}") = "Tyuiu.VitovskayaAN.Sprint4.Task6.V17.Lib", "Tyuiu.VitovskayaAN.Sprint4.Task6.V17.Lib\Tyuiu.VitovskayaAN.Sprint4.Task6.V17.Lib.csproj", "{06D1892A-1020-40C6-B902-941787757550}"
EndProject
Project("{FAE04EC0-301F-11D3-BF4B-00C04F79EFBC}") = "Tyuiu.VitovskayaAN.Sprint4.Task6.V17.Test", "Tyuiu.VitovskayaAN.Sprint4.Task6.V17.Test\Tyuiu.VitovskayaAN.Sprint4.Task6.V17.Test.csproj", "{2390F502-3AF7-4BCF-9AD7-49DE481E1EB3}"
EndProject
Global
	GlobalSection(SolutionConfigurationPlatforms) = preSolution
		Debug|Any CPU = Debug|Any CPU
		Release|Any CPU = Release|Any CPU
	EndGlobalSection
	GlobalSection(ProjectConfigurationPlatforms) = postSolution
		{DC1ED725-7956-448C-9511-D54B76266A8D}.Debug|Any CPU.ActiveCfg = Debug|Any CPU
		{DC1ED725-7956-448C-9511-D54B76266A8D}.Debug|Any CPU.Build.0 = Debug|Any CPU
		{DC1ED725-7956-448C-9511-D54B76266A8D}.Release|Any CPU.ActiveCfg = Release|Any CPU
		{DC1ED725-7956-448C-9511-D54B76266A8D}.Release|Any CPU.Build.0 = Release|Any CPU
		{F8357707-4D15-4817-8B82-CE3F399FB0AE}.Debug|Any CPU.ActiveCfg = Debug|Any CPU
		{F8357707-4D15-4817-8B82-CE3F399FB0AE}.Debug|Any CPU.Build.0 = Debug|Any CPU
		{F8357707-4D15-4817-8B82-CE3F399FB0AE}.Release|Any CPU.ActiveCfg = Release|Any CPU
		{F8357707-4D15-4817-8B82-CE3F399FB0AE}.Release|Any CPU.Build.0 = Release|Any CPU
		{E20CC86D-0581-4444-8E02-ACD72E7A09AA}.Debug|Any CPU.ActiveCfg = Debug|Any CPU
		{E20CC86D-0581-4444-8E02-ACD72E7A09AA}.Debug|Any CPU.Build.0 = Debug|Any CPU
		{E20CC86D-0581-4444-8E02-ACD72E7A09AA}.Release|Any CPU.ActiveCfg = Release|Any CPU
		{E20CC86D-0581-4444-8E02-ACD72E7A09AA}.Release|Any CPU.Build.0 = Release|Any CPU
		{7C1A1B3C-41E4-4586-BE52-4817AD0D11F2}.Debug|Any CPU.ActiveCfg = Debug|Any CPU
		{7C1A1B3C-41E4-4586-BE52-4817AD0D11F2}.Debug|Any CPU.Build.0 = Debug|Any CPU
		{7C1A1B3C-41E4-4586-BE52-4817AD0D11F2}.Release|Any CPU.ActiveCfg = Release|Any CPU
		{7C1A1B3C-41E4-4586-BE52-4817AD0D11F2}.Release|Any CPU.Build.0 = Release|Any CPU
		{8D4E952D-6DA2-4662-AD65-E9E0FB43E5CF}.Debug|Any CPU.ActiveCfg = Debug|Any CPU
		{8D4E952D-6DA2-4662-AD65-E9E0FB43E5CF}.Debug|Any CPU.Build.0 = Debug|Any CPU
		{8D4E952D-6DA2-4662-AD65-E9E0FB43E5CF}.Release|Any CPU.ActiveCfg = Release|Any CPU
		{8D4E952D-6DA2-4662-AD65-E9E0FB43E5CF}.Release|Any CPU.Build.0 = Release|Any CPU
		{2A842F2E-FB81-4CB2-A113-EA78F6791A1C}.Debug|Any CPU.ActiveCfg = Debug|Any CPU
		{2A842F2E-FB81-4CB2-A113-EA78F6791A1C}.Debug|Any CPU.Build.0 = Debug|Any CPU
		{2A842F2E-FB81-4CB2-A113-EA78F6791A1C}.Release|Any CPU.ActiveCfg = Release|Any CPU
		{2A842F2E-FB81-4CB2-A113-EA78F6791A1C}.Release|Any CPU.Build.0 = Release|Any CPU
		{49A162E1-20BD-4467-8F46-72CBB059F208}.Debug|Any CPU.ActiveCfg = Debug|Any CPU
		{49A162E1-20BD-4467-8F46-72CBB059F208}.Debug|Any CPU.Build.0 = Debug|Any CPU
		{49A162E1-20BD-4467-8F46-72CBB059F208}.Release|Any CPU.ActiveCfg = Release|Any CPU
		{49A162E1-20BD-4467-8F46-72CBB059F208}.Release|Any CPU.Build.0 = Release|Any CPU
		{F69CC6DA-1240-4FDA-8AAF-DABE931EB218}.Debug|Any CPU.ActiveCfg = Debug|Any CPU
		{F69CC6DA-1240-4FDA-8AAF-DABE931EB218}.Debug|Any CPU.Build.0 = Debug|Any CPU
		{F69CC6DA-1240-4FDA-8AAF-DABE931EB218}.Release|Any CPU.ActiveCfg = Release|Any CPU
		{F69CC6DA-1240-4FDA-8AAF-DABE931EB218}.Release|Any CPU.Build.0 = Release|Any CPU
		{3885E147-42B8-4DEE-A747-94661FD6C698}.Debug|Any CPU.ActiveCfg = Debug|Any CPU
		{3885E147-42B8-4DEE-A747-94661FD6C698}.Debug|Any CPU.Build.0 = Debug|Any CPU
		{3885E147-42B8-4DEE-A747-94661FD6C698}.Release|Any CPU.ActiveCfg = Release|Any CPU
		{3885E147-42B8-4DEE-A747-94661FD6C698}.Release|Any CPU.Build.0 = Release|Any CPU
		{C86F73E4-22C5-465A-BBB4-6E8FCF01A0B8}.Debug|Any CPU.ActiveCfg = Debug|Any CPU
		{C86F73E4-22C5-465A-BBB4-6E8FCF01A0B8}.Debug|Any CPU.Build.0 = Debug|Any CPU
		{C86F73E4-22C5-465A-BBB4-6E8FCF01A0B8}.Release|Any CPU.ActiveCfg = Release|Any CPU
		{C86F73E4-22C5-465A-BBB4-6E8FCF01A0B8}.Release|Any CPU.Build.0 = Release|Any CPU
		{8BB1C044-F114-4D67-AB2B-23423FDAAF5A}.Debug|Any CPU.ActiveCfg = Debug|Any CPU
		{8BB1C044-F114-4D67-AB2B-23423FDAAF5A}.Debug|Any CPU.Build.0 = Debug|Any CPU
		{8BB1C044-F114-4D67-AB2B-23423FDAAF5A}.Release|Any CPU.ActiveCfg = Release|Any CPU
		{8BB1C044-F114-4D67-AB2B-23423FDAAF5A}.Release|Any CPU.Build.0 = Release|Any CPU
		{8A652296-8CF1-4A2D-8220-F0F94B0FBF79}.Debug|Any CPU.ActiveCfg = Debug|Any CPU
		{8A652296-8CF1-4A2D-8220-F0F94B0FBF79}.Debug|Any CPU.Build.0 = Debug|Any CPU
		{8A652296-8CF1-4A2D-8220-F0F94B0FBF79}.Release|Any CPU.ActiveCfg = Release|Any CPU
		{8A652296-8CF1-4A2D-8220-F0F94B0FBF79}.Release|Any CPU.Build.0 = Release|Any CPU
		{664E284D-E118-4070-9585-C83755A560F6}.Debug|Any CPU.ActiveCfg = Debug|Any CPU
		{664E284D-E118-4070-9585-C83755A560F6}.Debug|Any CPU.Build.0 = Debug|Any CPU
		{664E284D-E118-4070-9585-C83755A560F6}.Release|Any CPU.ActiveCfg = Release|Any CPU
		{664E284D-E118-4070-9585-C83755A560F6}.Release|Any CPU.Build.0 = Release|Any CPU
		{502E477C-2A98-4D37-9AC2-8B53DA0FD31B}.Debug|Any CPU.ActiveCfg = Debug|Any CPU
		{502E477C-2A98-4D37-9AC2-8B53DA0FD31B}.Debug|Any CPU.Build.0 = Debug|Any CPU
		{502E477C-2A98-4D37-9AC2-8B53DA0FD31B}.Release|Any CPU.ActiveCfg = Release|Any CPU
		{502E477C-2A98-4D37-9AC2-8B53DA0FD31B}.Release|Any CPU.Build.0 = Release|Any CPU
		{6BF9C1CD-2908-4967-89B9-46206A112014}.Debug|Any CPU.ActiveCfg = Debug|Any CPU
		{6BF9C1CD-2908-4967-89B9-46206A112014}.Debug|Any CPU.Build.0 = Debug|Any CPU
		{6BF9C1CD-2908-4967-89B9-46206A112014}.Release|Any CPU.ActiveCfg = Release|Any CPU
		{6BF9C1CD-2908-4967-89B9-46206A112014}.Release|Any CPU.Build.0 = Release|Any CPU
		{DF6818F9-1FEC-4C8D-933B-49F0A29A8DFC}.Debug|Any CPU.ActiveCfg = Debug|Any CPU
		{DF6818F9-1FEC-4C8D-933B-49F0A29A8DFC}.Debug|Any CPU.Build.0 = Debug|Any CPU
		{DF6818F9-1FEC-4C8D-933B-49F0A29A8DFC}.Release|Any CPU.ActiveCfg = Release|Any CPU
		{DF6818F9-1FEC-4C8D-933B-49F0A29A8DFC}.Release|Any CPU.Build.0 = Release|Any CPU
		{67B2444C-0864-4DB9-A79D-469E794B6B4C}.Debug|Any CPU.ActiveCfg = Debug|Any CPU
		{67B2444C-0864-4DB9-A79D-469E794B6B4C}.Debug|Any CPU.Build.0 = Debug|Any CPU
		{67B2444C-0864-4DB9-A79D-469E794B6B4C}.Release|Any CPU.ActiveCfg = Release|Any CPU
		{67B2444C-0864-4DB9-A79D-469E794B6B4C}.Release|Any CPU.Build.0 = Release|Any CPU
		{90645DB8-F838-4FB4-8E3F-A3CDF00EB3C9}.Debug|Any CPU.ActiveCfg = Debug|Any CPU
		{90645DB8-F838-4FB4-8E3F-A3CDF00EB3C9}.Debug|Any CPU.Build.0 = Debug|Any CPU
		{90645DB8-F838-4FB4-8E3F-A3CDF00EB3C9}.Release|Any CPU.ActiveCfg = Release|Any CPU
		{90645DB8-F838-4FB4-8E3F-A3CDF00EB3C9}.Release|Any CPU.Build.0 = Release|Any CPU
		{96411FD6-654C-4FC4-A73B-22A8A4A4E32E}.Debug|Any CPU.ActiveCfg = Debug|Any CPU
		{96411FD6-654C-4FC4-A73B-22A8A4A4E32E}.Debug|Any CPU.Build.0 = Debug|Any CPU
		{96411FD6-654C-4FC4-A73B-22A8A4A4E32E}.Release|Any CPU.ActiveCfg = Release|Any CPU
		{96411FD6-654C-4FC4-A73B-22A8A4A4E32E}.Release|Any CPU.Build.0 = Release|Any CPU
		{06D1892A-1020-40C6-B902-941787757550}.Debug|Any CPU.ActiveCfg = Debug|Any CPU
		{06D1892A-1020-40C6-B902-941787757550}.Debug|Any CPU.Build.0 = Debug|Any CPU
		{06D1892A-1020-40C6-B902-941787757550}.Release|Any CPU.ActiveCfg = Release|Any CPU
		{06D1892A-1020-40C6-B902-941787757550}.Release|Any CPU.Build.0 = Release|Any CPU
		{2390F502-3AF7-4BCF-9AD7-49DE481E1EB3}.Debug|Any CPU.ActiveCfg = Debug|Any CPU
		{2390F502-3AF7-4BCF-9AD7-49DE481E1EB3}.Debug|Any CPU.Build.0 = Debug|Any CPU
		{2390F502-3AF7-4BCF-9AD7-49DE481E1EB3}.Release|Any CPU.ActiveCfg = Release|Any CPU
		{2390F502-3AF7-4BCF-9AD7-49DE481E1EB3}.Release|Any CPU.Build.0 = Release|Any CPU
	EndGlobalSection
	GlobalSection(SolutionProperties) = preSolution
		HideSolutionNode = FALSE
	EndGlobalSection
	GlobalSection(NestedProjects) = preSolution
		{DC1ED725-7956-448C-9511-D54B76266A8D} = {02EA681E-C7D8-13C7-8484-4AC65E1B71E8}
		{F8357707-4D15-4817-8B82-CE3F399FB0AE} = {02EA681E-C7D8-13C7-8484-4AC65E1B71E8}
		{E20CC86D-0581-4444-8E02-ACD72E7A09AA} = {02EA681E-C7D8-13C7-8484-4AC65E1B71E8}
		{7C1A1B3C-41E4-4586-BE52-4817AD0D11F2} = {ED51584D-F507-4367-AE50-EDDBEA8D0826}
		{8D4E952D-6DA2-4662-AD65-E9E0FB43E5CF} = {ED51584D-F507-4367-AE50-EDDBEA8D0826}
		{2A842F2E-FB81-4CB2-A113-EA78F6791A1C} = {ED51584D-F507-4367-AE50-EDDBEA8D0826}
		{49A162E1-20BD-4467-8F46-72CBB059F208} = {76146438-1D39-4655-BE81-68D7CF71CB08}
		{F69CC6DA-1240-4FDA-8AAF-DABE931EB218} = {76146438-1D39-4655-BE81-68D7CF71CB08}
		{3885E147-42B8-4DEE-A747-94661FD6C698} = {76146438-1D39-4655-BE81-68D7CF71CB08}
		{C86F73E4-22C5-465A-BBB4-6E8FCF01A0B8} = {FA0865F2-F886-4474-91FB-F49D8E622490}
		{8BB1C044-F114-4D67-AB2B-23423FDAAF5A} = {FA0865F2-F886-4474-91FB-F49D8E622490}
		{8A652296-8CF1-4A2D-8220-F0F94B0FBF79} = {FA0865F2-F886-4474-91FB-F49D8E622490}
		{664E284D-E118-4070-9585-C83755A560F6} = {8A07CB26-E8FA-493F-8B7B-7E708E21DCA8}
		{502E477C-2A98-4D37-9AC2-8B53DA0FD31B} = {8A07CB26-E8FA-493F-8B7B-7E708E21DCA8}
		{6BF9C1CD-2908-4967-89B9-46206A112014} = {8A07CB26-E8FA-493F-8B7B-7E708E21DCA8}
		{DF6818F9-1FEC-4C8D-933B-49F0A29A8DFC} = {5AD28B27-9624-48A1-9B8C-44B72792D230}
		{67B2444C-0864-4DB9-A79D-469E794B6B4C} = {5AD28B27-9624-48A1-9B8C-44B72792D230}
		{90645DB8-F838-4FB4-8E3F-A3CDF00EB3C9} = {5AD28B27-9624-48A1-9B8C-44B72792D230}
		{96411FD6-654C-4FC4-A73B-22A8A4A4E32E} = {94B906FB-8F0A-471A-8D7A-BFDF96617D81}
		{06D1892A-1020-40C6-B902-941787757550} = {94B906FB-8F0A-471A-8D7A-BFDF96617D81}
		{2390F502-3AF7-4BCF-9AD7-49DE481E1EB3} = {94B906FB-8F0A-471A-8D7A-BFDF96617D81}
	EndGlobalSection
	GlobalSection(ExtensibilityGlobals) = postSolution
		SolutionGuid = {FAF3B9CC-A01C-4E27-9940-60A138473AF8}
	EndGlobalSection
EndGlobal
